{
  "requires": true,
  "lockfileVersion": 1,
  "dependencies": {
    "@remix-run/router": {
      "version": "1.0.5",
      "resolved": "https://registry.npmjs.org/@remix-run/router/-/router-1.0.5.tgz",
      "integrity": "sha512-my0Mycd+jruq/1lQuO5LBB6WTlL/e8DTCYWp44DfMTDcXz8DcTlgF0ISaLsGewt+ctHN+yA8xMq3q/N7uWJPug=="
    },
    "react-router": {
      "version": "6.4.5",
      "resolved": "https://registry.npmjs.org/react-router/-/react-router-6.4.5.tgz",
      "integrity": "sha512-1RQJ8bM70YEumHIlNUYc6mFfUDoWa5EgPDenK/fq0bxD8DYpQUi/S6Zoft+9DBrh2xmtg92N5HMAJgGWDhKJ5Q==",
      "requires": {
        "@remix-run/router": "1.0.5"
      }
    },
    "yarn": {
      "version": "1.22.19",
      "resolved": "https://registry.npmjs.org/yarn/-/yarn-1.22.19.tgz",
      "integrity": "sha512-/0V5q0WbslqnwP91tirOvldvYISzaqhClxzyUKXYxs07yUILIs5jx/k6CFe8bvKSkds5w+eiOqta39Wk3WxdcQ=="
    }
  }
}
